
Microsoft Visual Studio Solution File, Format Version 12.00
# Visual Studio Version 16
VisualStudioVersion = 16.0.32407.337
MinimumVisualStudioVersion = 10.0.40219.1
Project("{FAE04EC0-301F-11D3-BF4B-00C04F79EFBC}") = "Testing", "Testing.csproj", "{5FBD1582-EFE0-4784-A635-C2EABE14560C}"
EndProject
Global
	GlobalSection(SolutionConfigurationPlatforms) = preSolution
		Debug|Any CPU = Debug|Any CPU
		Release|Any CPU = Release|Any CPU
	EndGlobalSection
	GlobalSection(ProjectConfigurationPlatforms) = postSolution
		{5FBD1582-EFE0-4784-A635-C2EABE14560C}.Debug|Any CPU.ActiveCfg = Debug|Any CPU
		{5FBD1582-EFE0-4784-A635-C2EABE14560C}.Debug|Any CPU.Build.0 = Debug|Any CPU
		{5FBD1582-EFE0-4784-A635-C2EABE14560C}.Release|Any CPU.ActiveCfg = Release|Any CPU
		{5FBD1582-EFE0-4784-A635-C2EABE14560C}.Release|Any CPU.Build.0 = Release|Any CPU
	EndGlobalSection
	GlobalSection(SolutionProperties) = preSolution
		HideSolutionNode = FALSE
	EndGlobalSection
	GlobalSection(ExtensibilityGlobals) = postSolution
		SolutionGuid = {4CC539F6-6DD7-4DD1-8963-6B644986662F}
	EndGlobalSection
EndGlobal
